<?xml version="1.0" encoding="UTF-8" standalone="yes" ?>
<CodeBlocks_project_file>
	<FileVersion major="1" minor="6" />
	<Project>
		<Option title="markdown" />
		<Option pch_mode="2" />
		<Option compiler="gcc" />
		<Build>
			<Target title="Debug">
				<Option output="bin/Debug/markdown" prefix_auto="1" extension_auto="1" />
				<Option object_output="obj/Debug/" />
				<Option type="1" />
				<Option compiler="gcc" />
				<Option parameters="-5GS -o config.html config.md" />
				<Compiler>
					<Add option="-g" />
				</Compiler>
				<Linker>
					<Add library="markdownd" />
					<Add directory="D:/Dokumente/Programming/cpp/discount/bin/Debug/" />
				</Linker>
			</Target>
			<Target title="Release">
				<Option output="bin/Release/markdown" prefix_auto="1" extension_auto="1" />
				<Option object_output="obj/Release/" />
				<Option type="1" />
				<Option compiler="gcc" />
				<Compiler>
					<Add option="-O2" />
				</Compiler>
				<Linker>
					<Add option="-s" />
					<Add library="markdown" />
					<Add directory="D:/Dokumente/Programming/cpp/discount/bin/Release/" />
				</Linker>
			</Target>
		</Build>
		<Compiler>
			<Add option="-Wall" />
			<Add option="-fexceptions" />
			<Add directory="." />
		</Compiler>
		<Unit filename="amalloc.h" />
		<Unit filename="config.h" />
		<Unit filename="main.c">
			<Option compilerVar="CC" />
		</Unit>
		<Unit filename="mkdio.h" />
		<Unit filename="pgm_options.c">
			<Option compilerVar="CC" />
		</Unit>
		<Unit filename="pgm_options.h" />
		<Unit filename="tags.h" />
		<Extensions>
			<code_completion />
			<envvars />
			<debugger />
		</Extensions>
	</Project>
</CodeBlocks_project_file>
